# This file was autogenerated by Stack.
# You should not edit this file by hand.
# For more information, please see the documentation at:
#   https://docs.haskellstack.org/en/stable/lock_files

packages:
- completed:
    hackage: uu-tc-2015.1.1@sha256:c41c7e3e07e169c82b0467a301fcda2002ea76903d779a7d18e62b68dde0e4cb,2090
    pantry-tree:
      size: 1050
      sha256: 3615ef96107554f410753c5f26ed6bf78ed15a62bbef93908eccfac1c0dc8658
  original:
    hackage: uu-tc-2015.1.1@sha256:c41c7e3e07e169c82b0467a301fcda2002ea76903d779a7d18e62b68dde0e4cb,2090
snapshots:
- completed:
    size: 525662
    url: https://raw.githubusercontent.com/commercialhaskell/stackage-snapshots/master/lts/14/15.yaml
    sha256: c5e673e5723931b64ef2eb5004f6d9ea3c95b58d48388dbc4de6f66b97c81f7a
  original: lts-14.15
